
Microsoft Visual Studio Solution File, Format Version 12.00
# Visual Studio 15
Project("{FAE04EC0-301F-11D3-BF4B-00C04F79EFBC}") = "Assembly-CSharp", "Assembly-CSharp.csproj", "{D12F4D2B-DE6E-D703-5E62-868E5705B45F}"
EndProject
Global
	GlobalSection(SolutionConfigurationPlatforms) = preSolution
		Debug|Any CPU = Debug|Any CPU
		Release|Any CPU = Release|Any CPU
	EndGlobalSection
	GlobalSection(ProjectConfigurationPlatforms) = postSolution
		{D12F4D2B-DE6E-D703-5E62-868E5705B45F}.Debug|Any CPU.ActiveCfg = Debug|Any CPU
		{D12F4D2B-DE6E-D703-5E62-868E5705B45F}.Debug|Any CPU.Build.0 = Debug|Any CPU
		{D12F4D2B-DE6E-D703-5E62-868E5705B45F}.Release|Any CPU.ActiveCfg = Release|Any CPU
		{D12F4D2B-DE6E-D703-5E62-868E5705B45F}.Release|Any CPU.Build.0 = Release|Any CPU
	EndGlobalSection
	GlobalSection(SolutionProperties) = preSolution
		HideSolutionNode = FALSE
	EndGlobalSection
EndGlobal
